
Microsoft Visual Studio Solution File, Format Version 12.00
# Visual Studio Version 16
VisualStudioVersion = 16.0.30114.105
MinimumVisualStudioVersion = 10.0.40219.1
Project("{FAE04EC0-301F-11D3-BF4B-00C04F79EFBC}") = "BarrieJobsApp", "BarrieJobsApp.csproj", "{8EA2AAD6-E97C-4F4F-84F6-318F8BAA3A1E}"
EndProject
Global
	GlobalSection(SolutionConfigurationPlatforms) = preSolution
		Debug|Any CPU = Debug|Any CPU
		Release|Any CPU = Release|Any CPU
	EndGlobalSection
	GlobalSection(ProjectConfigurationPlatforms) = postSolution
		{8EA2AAD6-E97C-4F4F-84F6-318F8BAA3A1E}.Debug|Any CPU.ActiveCfg = Debug|Any CPU
		{8EA2AAD6-E97C-4F4F-84F6-318F8BAA3A1E}.Debug|Any CPU.Build.0 = Debug|Any CPU
		{8EA2AAD6-E97C-4F4F-84F6-318F8BAA3A1E}.Release|Any CPU.ActiveCfg = Release|Any CPU
		{8EA2AAD6-E97C-4F4F-84F6-318F8BAA3A1E}.Release|Any CPU.Build.0 = Release|Any CPU
	EndGlobalSection
	GlobalSection(SolutionProperties) = preSolution
		HideSolutionNode = FALSE
	EndGlobalSection
	GlobalSection(ExtensibilityGlobals) = postSolution
		SolutionGuid = {6691CDD7-065A-4B63-8258-FE501B12CFDF}
	EndGlobalSection
EndGlobal
